// !$*UTF8*$!
{
	archiveVersion = 1;
	classes = {
	};
	objectVersion = 56;
	objects = {

/* Begin PBXBuildFile section */
		3709BDE92ADEE7E30004D86B /* PathType.swift in Sources */ = {isa = PBXBuildFile; fileRef = 3709BDE82ADEE7E30004D86B /* PathType.swift */; };
		3709BDEB2ADEE82D0004D86B /* Path.swift in Sources */ = {isa = PBXBuildFile; fileRef = 3709BDEA2ADEE82D0004D86B /* Path.swift */; };
		3709BDED2ADEEA830004D86B /* HomeView.swift in Sources */ = {isa = PBXBuildFile; fileRef = 3709BDEC2ADEEA830004D86B /* HomeView.swift */; };
		3709BDF02ADEEAB00004D86B /* TodoView.swift in Sources */ = {isa = PBXBuildFile; fileRef = 3709BDEF2ADEEAB00004D86B /* TodoView.swift */; };
		3709BDF32ADEEAC70004D86B /* MemoView.swift in Sources */ = {isa = PBXBuildFile; fileRef = 3709BDF22ADEEAC70004D86B /* MemoView.swift */; };
		374685282ADBB182001D2713 /* FC_SwiftUIApp.swift in Sources */ = {isa = PBXBuildFile; fileRef = 374685272ADBB182001D2713 /* FC_SwiftUIApp.swift */; };
		3746852C2ADBB183001D2713 /* Assets.xcassets in Resources */ = {isa = PBXBuildFile; fileRef = 3746852B2ADBB183001D2713 /* Assets.xcassets */; };
		3746852F2ADBB183001D2713 /* Preview Assets.xcassets in Resources */ = {isa = PBXBuildFile; fileRef = 3746852E2ADBB183001D2713 /* Preview Assets.xcassets */; };
		3794726B2ADEC15D00D7E690 /* Color+Ext.swift in Sources */ = {isa = PBXBuildFile; fileRef = 3794726A2ADEC15D00D7E690 /* Color+Ext.swift */; };
		37AA77A32ADED0AC00687528 /* OnboardingContent.swift in Sources */ = {isa = PBXBuildFile; fileRef = 37AA77A22ADED0AC00687528 /* OnboardingContent.swift */; };
		37AA77A62ADED11700687528 /* OnboardingViewModel.swift in Sources */ = {isa = PBXBuildFile; fileRef = 37AA77A52ADED11700687528 /* OnboardingViewModel.swift */; };
		37AA77A82ADED12200687528 /* OnboardingView.swift in Sources */ = {isa = PBXBuildFile; fileRef = 37AA77A72ADED12200687528 /* OnboardingView.swift */; };
		37B675622ADEBE0D00851E37 /* Launch Screen.storyboard in Resources */ = {isa = PBXBuildFile; fileRef = 37B675612ADEBE0D00851E37 /* Launch Screen.storyboard */; };
		37B675652ADEBE7500851E37 /* AppDelegate.swift in Sources */ = {isa = PBXBuildFile; fileRef = 37B675642ADEBE7500851E37 /* AppDelegate.swift */; };
/* End PBXBuildFile section */

/* Begin PBXFileReference section */
		3709BDE82ADEE7E30004D86B /* PathType.swift */ = {isa = PBXFileReference; lastKnownFileType = sourcecode.swift; path = PathType.swift; sourceTree = "<group>"; };
		3709BDEA2ADEE82D0004D86B /* Path.swift */ = {isa = PBXFileReference; lastKnownFileType = sourcecode.swift; path = Path.swift; sourceTree = "<group>"; };
		3709BDEC2ADEEA830004D86B /* HomeView.swift */ = {isa = PBXFileReference; lastKnownFileType = sourcecode.swift; path = HomeView.swift; sourceTree = "<group>"; };
		3709BDEF2ADEEAB00004D86B /* TodoView.swift */ = {isa = PBXFileReference; lastKnownFileType = sourcecode.swift; path = TodoView.swift; sourceTree = "<group>"; };
		3709BDF22ADEEAC70004D86B /* MemoView.swift */ = {isa = PBXFileReference; lastKnownFileType = sourcecode.swift; path = MemoView.swift; sourceTree = "<group>"; };
		374685242ADBB182001D2713 /* FC_SwiftUI.app */ = {isa = PBXFileReference; explicitFileType = wrapper.application; includeInIndex = 0; path = FC_SwiftUI.app; sourceTree = BUILT_PRODUCTS_DIR; };
		374685272ADBB182001D2713 /* FC_SwiftUIApp.swift */ = {isa = PBXFileReference; lastKnownFileType = sourcecode.swift; path = FC_SwiftUIApp.swift; sourceTree = "<group>"; };
		3746852B2ADBB183001D2713 /* Assets.xcassets */ = {isa = PBXFileReference; lastKnownFileType = folder.assetcatalog; path = Assets.xcassets; sourceTree = "<group>"; };
		3746852E2ADBB183001D2713 /* Preview Assets.xcassets */ = {isa = PBXFileReference; lastKnownFileType = folder.assetcatalog; path = "Preview Assets.xcassets"; sourceTree = "<group>"; };
		3794726A2ADEC15D00D7E690 /* Color+Ext.swift */ = {isa = PBXFileReference; lastKnownFileType = sourcecode.swift; path = "Color+Ext.swift"; sourceTree = "<group>"; };
		37AA77A22ADED0AC00687528 /* OnboardingContent.swift */ = {isa = PBXFileReference; lastKnownFileType = sourcecode.swift; path = OnboardingContent.swift; sourceTree = "<group>"; };
		37AA77A52ADED11700687528 /* OnboardingViewModel.swift */ = {isa = PBXFileReference; lastKnownFileType = sourcecode.swift; path = OnboardingViewModel.swift; sourceTree = "<group>"; };
		37AA77A72ADED12200687528 /* OnboardingView.swift */ = {isa = PBXFileReference; lastKnownFileType = sourcecode.swift; path = OnboardingView.swift; sourceTree = "<group>"; };
		37B675602ADEBDD200851E37 /* FC-SwiftUI-Info.plist */ = {isa = PBXFileReference; lastKnownFileType = text.plist; path = "FC-SwiftUI-Info.plist"; sourceTree = SOURCE_ROOT; };
		37B675612ADEBE0D00851E37 /* Launch Screen.storyboard */ = {isa = PBXFileReference; lastKnownFileType = file.storyboard; path = "Launch Screen.storyboard"; sourceTree = "<group>"; };
		37B675642ADEBE7500851E37 /* AppDelegate.swift */ = {isa = PBXFileReference; lastKnownFileType = sourcecode.swift; path = AppDelegate.swift; sourceTree = "<group>"; };
/* End PBXFileReference section */

/* Begin PBXFrameworksBuildPhase section */
		374685212ADBB182001D2713 /* Frameworks */ = {
			isa = PBXFrameworksBuildPhase;
			buildActionMask = 2147483647;
			files = (
			);
			runOnlyForDeploymentPostprocessing = 0;
		};
/* End PBXFrameworksBuildPhase section */

/* Begin PBXGroup section */
		3709BDEE2ADEEAA00004D86B /* Todo */ = {
			isa = PBXGroup;
			children = (
				3709BDEF2ADEEAB00004D86B /* TodoView.swift */,
			);
			path = Todo;
			sourceTree = "<group>";
		};
		3709BDF12ADEEABC0004D86B /* Memo */ = {
			isa = PBXGroup;
			children = (
				3709BDF22ADEEAC70004D86B /* MemoView.swift */,
			);
			path = Memo;
			sourceTree = "<group>";
		};
		3746851B2ADBB182001D2713 = {
			isa = PBXGroup;
			children = (
				374685262ADBB182001D2713 /* FC_SwiftUI */,
				374685252ADBB182001D2713 /* Products */,
			);
			sourceTree = "<group>";
		};
		374685252ADBB182001D2713 /* Products */ = {
			isa = PBXGroup;
			children = (
				374685242ADBB182001D2713 /* FC_SwiftUI.app */,
			);
			name = Products;
			sourceTree = "<group>";
		};
		374685262ADBB182001D2713 /* FC_SwiftUI */ = {
			isa = PBXGroup;
			children = (
				37B675632ADEBE5B00851E37 /* App */,
				37B675662ADEBEA700851E37 /* Core */,
				37B675692ADEBEB200851E37 /* Component */,
				37B6756A2ADEBEB500851E37 /* Feature */,
				37B6756B2ADEBEC500851E37 /* Model */,
				3746852D2ADBB183001D2713 /* Preview Content */,
				37B675602ADEBDD200851E37 /* FC-SwiftUI-Info.plist */,
				3746852B2ADBB183001D2713 /* Assets.xcassets */,
			);
			path = FC_SwiftUI;
			sourceTree = "<group>";
		};
		3746852D2ADBB183001D2713 /* Preview Content */ = {
			isa = PBXGroup;
			children = (
				3746852E2ADBB183001D2713 /* Preview Assets.xcassets */,
			);
			path = "Preview Content";
			sourceTree = "<group>";
		};
		37B675632ADEBE5B00851E37 /* App */ = {
			isa = PBXGroup;
			children = (
				374685272ADBB182001D2713 /* FC_SwiftUIApp.swift */,
				37B675642ADEBE7500851E37 /* AppDelegate.swift */,
				37B675612ADEBE0D00851E37 /* Launch Screen.storyboard */,
			);
			path = App;
			sourceTree = "<group>";
		};
		37B675662ADEBEA700851E37 /* Core */ = {
			isa = PBXGroup;
			children = (
				37B675682ADEBEAD00851E37 /* Extension */,
				37B675672ADEBEA900851E37 /* Service */,
			);
			path = Core;
			sourceTree = "<group>";
		};
		37B675672ADEBEA900851E37 /* Service */ = {
			isa = PBXGroup;
			children = (
			);
			path = Service;
			sourceTree = "<group>";
		};
		37B675682ADEBEAD00851E37 /* Extension */ = {
			isa = PBXGroup;
			children = (
				3794726A2ADEC15D00D7E690 /* Color+Ext.swift */,
			);
			path = Extension;
			sourceTree = "<group>";
		};
		37B675692ADEBEB200851E37 /* Component */ = {
			isa = PBXGroup;
			children = (
			);
			path = Component;
			sourceTree = "<group>";
		};
		37B6756A2ADEBEB500851E37 /* Feature */ = {
			isa = PBXGroup;
			children = (
				3709BDF12ADEEABC0004D86B /* Memo */,
				3709BDEE2ADEEAA00004D86B /* Todo */,
				37B6756D2ADEBEF000851E37 /* Home */,
				37B6756C2ADEBEED00851E37 /* Onboarding */,
			);
			path = Feature;
			sourceTree = "<group>";
		};
		37B6756B2ADEBEC500851E37 /* Model */ = {
			isa = PBXGroup;
			children = (
				37B675732ADEBF2C00851E37 /* Timer */,
				37B675722ADEBF2A00851E37 /* Memo */,
				37B675712ADEBF2600851E37 /* Todo */,
				37B675702ADEBF2000851E37 /* Home */,
				37B6756F2ADEBF1B00851E37 /* Onboarding */,
				37B6756E2ADEBF1800851E37 /* Path */,
			);
			path = Model;
			sourceTree = "<group>";
		};
		37B6756C2ADEBEED00851E37 /* Onboarding */ = {
			isa = PBXGroup;
			children = (
				37AA77A52ADED11700687528 /* OnboardingViewModel.swift */,
				37AA77A72ADED12200687528 /* OnboardingView.swift */,
			);
			path = Onboarding;
			sourceTree = "<group>";
		};
		37B6756D2ADEBEF000851E37 /* Home */ = {
			isa = PBXGroup;
			children = (
				3709BDEC2ADEEA830004D86B /* HomeView.swift */,
			);
			path = Home;
			sourceTree = "<group>";
		};
		37B6756E2ADEBF1800851E37 /* Path */ = {
			isa = PBXGroup;
			children = (
				3709BDE82ADEE7E30004D86B /* PathType.swift */,
				3709BDEA2ADEE82D0004D86B /* Path.swift */,
			);
			path = Path;
			sourceTree = "<group>";
		};
		37B6756F2ADEBF1B00851E37 /* Onboarding */ = {
			isa = PBXGroup;
			children = (
				37AA77A22ADED0AC00687528 /* OnboardingContent.swift */,
			);
			path = Onboarding;
			sourceTree = "<group>";
		};
		37B675702ADEBF2000851E37 /* Home */ = {
			isa = PBXGroup;
			children = (
			);
			path = Home;
			sourceTree = "<group>";
		};
		37B675712ADEBF2600851E37 /* Todo */ = {
			isa = PBXGroup;
			children = (
			);
			path = Todo;
			sourceTree = "<group>";
		};
		37B675722ADEBF2A00851E37 /* Memo */ = {
			isa = PBXGroup;
			children = (
			);
			path = Memo;
			sourceTree = "<group>";
		};
		37B675732ADEBF2C00851E37 /* Timer */ = {
			isa = PBXGroup;
			children = (
			);
			path = Timer;
			sourceTree = "<group>";
		};
/* End PBXGroup section */

/* Begin PBXNativeTarget section */
		374685232ADBB182001D2713 /* FC_SwiftUI */ = {
			isa = PBXNativeTarget;
			buildConfigurationList = 374685322ADBB183001D2713 /* Build configuration list for PBXNativeTarget "FC_SwiftUI" */;
			buildPhases = (
				374685202ADBB182001D2713 /* Sources */,
				374685212ADBB182001D2713 /* Frameworks */,
				374685222ADBB182001D2713 /* Resources */,
			);
			buildRules = (
			);
			dependencies = (
			);
			name = FC_SwiftUI;
			productName = FC_SwiftUI;
			productReference = 374685242ADBB182001D2713 /* FC_SwiftUI.app */;
			productType = "com.apple.product-type.application";
		};
/* End PBXNativeTarget section */

/* Begin PBXProject section */
		3746851C2ADBB182001D2713 /* Project object */ = {
			isa = PBXProject;
			attributes = {
				BuildIndependentTargetsInParallel = 1;
				LastSwiftUpdateCheck = 1500;
				LastUpgradeCheck = 1500;
				TargetAttributes = {
					374685232ADBB182001D2713 = {
						CreatedOnToolsVersion = 15.0;
					};
				};
			};
			buildConfigurationList = 3746851F2ADBB182001D2713 /* Build configuration list for PBXProject "FC_SwiftUI" */;
			compatibilityVersion = "Xcode 14.0";
			developmentRegion = en;
			hasScannedForEncodings = 0;
			knownRegions = (
				en,
				Base,
			);
			mainGroup = 3746851B2ADBB182001D2713;
			productRefGroup = 374685252ADBB182001D2713 /* Products */;
			projectDirPath = "";
			projectRoot = "";
			targets = (
				374685232ADBB182001D2713 /* FC_SwiftUI */,
			);
		};
/* End PBXProject section */

/* Begin PBXResourcesBuildPhase section */
		374685222ADBB182001D2713 /* Resources */ = {
			isa = PBXResourcesBuildPhase;
			buildActionMask = 2147483647;
			files = (
				37B675622ADEBE0D00851E37 /* Launch Screen.storyboard in Resources */,
				3746852F2ADBB183001D2713 /* Preview Assets.xcassets in Resources */,
				3746852C2ADBB183001D2713 /* Assets.xcassets in Resources */,
			);
			runOnlyForDeploymentPostprocessing = 0;
		};
/* End PBXResourcesBuildPhase section */

/* Begin PBXSourcesBuildPhase section */
		374685202ADBB182001D2713 /* Sources */ = {
			isa = PBXSourcesBuildPhase;
			buildActionMask = 2147483647;
			files = (
				3709BDED2ADEEA830004D86B /* HomeView.swift in Sources */,
				37B675652ADEBE7500851E37 /* AppDelegate.swift in Sources */,
				3709BDF02ADEEAB00004D86B /* TodoView.swift in Sources */,
				37AA77A62ADED11700687528 /* OnboardingViewModel.swift in Sources */,
				3709BDEB2ADEE82D0004D86B /* Path.swift in Sources */,
				37AA77A32ADED0AC00687528 /* OnboardingContent.swift in Sources */,
				3794726B2ADEC15D00D7E690 /* Color+Ext.swift in Sources */,
				374685282ADBB182001D2713 /* FC_SwiftUIApp.swift in Sources */,
				37AA77A82ADED12200687528 /* OnboardingView.swift in Sources */,
				3709BDE92ADEE7E30004D86B /* PathType.swift in Sources */,
				3709BDF32ADEEAC70004D86B /* MemoView.swift in Sources */,
			);
			runOnlyForDeploymentPostprocessing = 0;
		};
/* End PBXSourcesBuildPhase section */

/* Begin XCBuildConfiguration section */
		374685302ADBB183001D2713 /* Debug */ = {
			isa = XCBuildConfiguration;
			buildSettings = {
				ALWAYS_SEARCH_USER_PATHS = NO;
				ASSETCATALOG_COMPILER_GENERATE_SWIFT_ASSET_SYMBOL_EXTENSIONS = YES;
				CLANG_ANALYZER_NONNULL = YES;
				CLANG_ANALYZER_NUMBER_OBJECT_CONVERSION = YES_AGGRESSIVE;
				CLANG_CXX_LANGUAGE_STANDARD = "gnu++20";
				CLANG_ENABLE_MODULES = YES;
				CLANG_ENABLE_OBJC_ARC = YES;
				CLANG_ENABLE_OBJC_WEAK = YES;
				CLANG_WARN_BLOCK_CAPTURE_AUTORELEASING = YES;
				CLANG_WARN_BOOL_CONVERSION = YES;
				CLANG_WARN_COMMA = YES;
				CLANG_WARN_CONSTANT_CONVERSION = YES;
				CLANG_WARN_DEPRECATED_OBJC_IMPLEMENTATIONS = YES;
				CLANG_WARN_DIRECT_OBJC_ISA_USAGE = YES_ERROR;
				CLANG_WARN_DOCUMENTATION_COMMENTS = YES;
				CLANG_WARN_EMPTY_BODY = YES;
				CLANG_WARN_ENUM_CONVERSION = YES;
				CLANG_WARN_INFINITE_RECURSION = YES;
				CLANG_WARN_INT_CONVERSION = YES;
				CLANG_WARN_NON_LITERAL_NULL_CONVERSION = YES;
				CLANG_WARN_OBJC_IMPLICIT_RETAIN_SELF = YES;
				CLANG_WARN_OBJC_LITERAL_CONVERSION = YES;
				CLANG_WARN_OBJC_ROOT_CLASS = YES_ERROR;
				CLANG_WARN_QUOTED_INCLUDE_IN_FRAMEWORK_HEADER = YES;
				CLANG_WARN_RANGE_LOOP_ANALYSIS = YES;
				CLANG_WARN_STRICT_PROTOTYPES = YES;
				CLANG_WARN_SUSPICIOUS_MOVE = YES;
				CLANG_WARN_UNGUARDED_AVAILABILITY = YES_AGGRESSIVE;
				CLANG_WARN_UNREACHABLE_CODE = YES;
				CLANG_WARN__DUPLICATE_METHOD_MATCH = YES;
				COPY_PHASE_STRIP = NO;
				DEBUG_INFORMATION_FORMAT = dwarf;
				ENABLE_STRICT_OBJC_MSGSEND = YES;
				ENABLE_TESTABILITY = YES;
				ENABLE_USER_SCRIPT_SANDBOXING = YES;
				GCC_C_LANGUAGE_STANDARD = gnu17;
				GCC_DYNAMIC_NO_PIC = NO;
				GCC_NO_COMMON_BLOCKS = YES;
				GCC_OPTIMIZATION_LEVEL = 0;
				GCC_PREPROCESSOR_DEFINITIONS = (
					"DEBUG=1",
					"$(inherited)",
				);
				GCC_WARN_64_TO_32_BIT_CONVERSION = YES;
				GCC_WARN_ABOUT_RETURN_TYPE = YES_ERROR;
				GCC_WARN_UNDECLARED_SELECTOR = YES;
				GCC_WARN_UNINITIALIZED_AUTOS = YES_AGGRESSIVE;
				GCC_WARN_UNUSED_FUNCTION = YES;
				GCC_WARN_UNUSED_VARIABLE = YES;
				IPHONEOS_DEPLOYMENT_TARGET = 17.0;
				LOCALIZATION_PREFERS_STRING_CATALOGS = YES;
				MTL_ENABLE_DEBUG_INFO = INCLUDE_SOURCE;
				MTL_FAST_MATH = YES;
				ONLY_ACTIVE_ARCH = YES;
				SDKROOT = iphoneos;
				SWIFT_ACTIVE_COMPILATION_CONDITIONS = "DEBUG $(inherited)";
				SWIFT_OPTIMIZATION_LEVEL = "-Onone";
			};
			name = Debug;
		};
		374685312ADBB183001D2713 /* Release */ = {
			isa = XCBuildConfiguration;
			buildSettings = {
				ALWAYS_SEARCH_USER_PATHS = NO;
				ASSETCATALOG_COMPILER_GENERATE_SWIFT_ASSET_SYMBOL_EXTENSIONS = YES;
				CLANG_ANALYZER_NONNULL = YES;
				CLANG_ANALYZER_NUMBER_OBJECT_CONVERSION = YES_AGGRESSIVE;
				CLANG_CXX_LANGUAGE_STANDARD = "gnu++20";
				CLANG_ENABLE_MODULES = YES;
				CLANG_ENABLE_OBJC_ARC = YES;
				CLANG_ENABLE_OBJC_WEAK = YES;
				CLANG_WARN_BLOCK_CAPTURE_AUTORELEASING = YES;
				CLANG_WARN_BOOL_CONVERSION = YES;
				CLANG_WARN_COMMA = YES;
				CLANG_WARN_CONSTANT_CONVERSION = YES;
				CLANG_WARN_DEPRECATED_OBJC_IMPLEMENTATIONS = YES;
				CLANG_WARN_DIRECT_OBJC_ISA_USAGE = YES_ERROR;
				CLANG_WARN_DOCUMENTATION_COMMENTS = YES;
				CLANG_WARN_EMPTY_BODY = YES;
				CLANG_WARN_ENUM_CONVERSION = YES;
				CLANG_WARN_INFINITE_RECURSION = YES;
				CLANG_WARN_INT_CONVERSION = YES;
				CLANG_WARN_NON_LITERAL_NULL_CONVERSION = YES;
				CLANG_WARN_OBJC_IMPLICIT_RETAIN_SELF = YES;
				CLANG_WARN_OBJC_LITERAL_CONVERSION = YES;
				CLANG_WARN_OBJC_ROOT_CLASS = YES_ERROR;
				CLANG_WARN_QUOTED_INCLUDE_IN_FRAMEWORK_HEADER = YES;
				CLANG_WARN_RANGE_LOOP_ANALYSIS = YES;
				CLANG_WARN_STRICT_PROTOTYPES = YES;
				CLANG_WARN_SUSPICIOUS_MOVE = YES;
				CLANG_WARN_UNGUARDED_AVAILABILITY = YES_AGGRESSIVE;
				CLANG_WARN_UNREACHABLE_CODE = YES;
				CLANG_WARN__DUPLICATE_METHOD_MATCH = YES;
				COPY_PHASE_STRIP = NO;
				DEBUG_INFORMATION_FORMAT = "dwarf-with-dsym";
				ENABLE_NS_ASSERTIONS = NO;
				ENABLE_STRICT_OBJC_MSGSEND = YES;
				ENABLE_USER_SCRIPT_SANDBOXING = YES;
				GCC_C_LANGUAGE_STANDARD = gnu17;
				GCC_NO_COMMON_BLOCKS = YES;
				GCC_WARN_64_TO_32_BIT_CONVERSION = YES;
				GCC_WARN_ABOUT_RETURN_TYPE = YES_ERROR;
				GCC_WARN_UNDECLARED_SELECTOR = YES;
				GCC_WARN_UNINITIALIZED_AUTOS = YES_AGGRESSIVE;
				GCC_WARN_UNUSED_FUNCTION = YES;
				GCC_WARN_UNUSED_VARIABLE = YES;
				IPHONEOS_DEPLOYMENT_TARGET = 17.0;
				LOCALIZATION_PREFERS_STRING_CATALOGS = YES;
				MTL_ENABLE_DEBUG_INFO = NO;
				MTL_FAST_MATH = YES;
				SDKROOT = iphoneos;
				SWIFT_COMPILATION_MODE = wholemodule;
				VALIDATE_PRODUCT = YES;
			};
			name = Release;
		};
		374685332ADBB183001D2713 /* Debug */ = {
			isa = XCBuildConfiguration;
			buildSettings = {
				ASSETCATALOG_COMPILER_APPICON_NAME = AppIcon;
				ASSETCATALOG_COMPILER_GLOBAL_ACCENT_COLOR_NAME = AccentColor;
				CODE_SIGN_STYLE = Automatic;
				CURRENT_PROJECT_VERSION = 1;
				DEVELOPMENT_ASSET_PATHS = "\"FC_SwiftUI/Preview Content\"";
				DEVELOPMENT_TEAM = 7YM75J8UJJ;
				ENABLE_PREVIEWS = YES;
				GENERATE_INFOPLIST_FILE = YES;
				INFOPLIST_FILE = "FC-SwiftUI-Info.plist";
				INFOPLIST_KEY_UIApplicationSceneManifest_Generation = YES;
				INFOPLIST_KEY_UIApplicationSupportsIndirectInputEvents = YES;
				INFOPLIST_KEY_UILaunchStoryboardName = "Launch Screen";
				INFOPLIST_KEY_UIStatusBarStyle = UIStatusBarStyleLightContent;
				INFOPLIST_KEY_UISupportedInterfaceOrientations = UIInterfaceOrientationPortrait;
				INFOPLIST_KEY_UISupportedInterfaceOrientations_iPad = "UIInterfaceOrientationLandscapeLeft UIInterfaceOrientationLandscapeRight UIInterfaceOrientationPortrait UIInterfaceOrientationPortraitUpsideDown";
				IPHONEOS_DEPLOYMENT_TARGET = 16.0;
				LD_RUNPATH_SEARCH_PATHS = (
					"$(inherited)",
					"@executable_path/Frameworks",
				);
				MARKETING_VERSION = 1.0;
				PRODUCT_BUNDLE_IDENTIFIER = "com.chul.FC-SwiftUI";
				PRODUCT_NAME = "$(TARGET_NAME)";
				SUPPORTED_PLATFORMS = "iphoneos iphonesimulator";
				SUPPORTS_MACCATALYST = NO;
				SUPPORTS_MAC_DESIGNED_FOR_IPHONE_IPAD = NO;
				SWIFT_EMIT_LOC_STRINGS = YES;
				SWIFT_VERSION = 5.0;
				TARGETED_DEVICE_FAMILY = 1;
			};
			name = Debug;
		};
		374685342ADBB183001D2713 /* Release */ = {
			isa = XCBuildConfiguration;
			buildSettings = {
				ASSETCATALOG_COMPILER_APPICON_NAME = AppIcon;
				ASSETCATALOG_COMPILER_GLOBAL_ACCENT_COLOR_NAME = AccentColor;
				CODE_SIGN_STYLE = Automatic;
				CURRENT_PROJECT_VERSION = 1;
				DEVELOPMENT_ASSET_PATHS = "\"FC_SwiftUI/Preview Content\"";
				DEVELOPMENT_TEAM = 7YM75J8UJJ;
				ENABLE_PREVIEWS = YES;
				GENERATE_INFOPLIST_FILE = YES;
				INFOPLIST_FILE = "FC-SwiftUI-Info.plist";
				INFOPLIST_KEY_UIApplicationSceneManifest_Generation = YES;
				INFOPLIST_KEY_UIApplicationSupportsIndirectInputEvents = YES;
				INFOPLIST_KEY_UILaunchStoryboardName = "Launch Screen";
				INFOPLIST_KEY_UIStatusBarStyle = UIStatusBarStyleLightContent;
				INFOPLIST_KEY_UISupportedInterfaceOrientations = UIInterfaceOrientationPortrait;
				INFOPLIST_KEY_UISupportedInterfaceOrientations_iPad = "UIInterfaceOrientationLandscapeLeft UIInterfaceOrientationLandscapeRight UIInterfaceOrientationPortrait UIInterfaceOrientationPortraitUpsideDown";
				IPHONEOS_DEPLOYMENT_TARGET = 16.0;
				LD_RUNPATH_SEARCH_PATHS = (
					"$(inherited)",
					"@executable_path/Frameworks",
				);
				MARKETING_VERSION = 1.0;
				PRODUCT_BUNDLE_IDENTIFIER = "com.chul.FC-SwiftUI";
				PRODUCT_NAME = "$(TARGET_NAME)";
				SUPPORTED_PLATFORMS = "iphoneos iphonesimulator";
				SUPPORTS_MACCATALYST = NO;
				SUPPORTS_MAC_DESIGNED_FOR_IPHONE_IPAD = NO;
				SWIFT_EMIT_LOC_STRINGS = YES;
				SWIFT_VERSION = 5.0;
				TARGETED_DEVICE_FAMILY = 1;
			};
			name = Release;
		};
/* End XCBuildConfiguration section */

/* Begin XCConfigurationList section */
		3746851F2ADBB182001D2713 /* Build configuration list for PBXProject "FC_SwiftUI" */ = {
			isa = XCConfigurationList;
			buildConfigurations = (
				374685302ADBB183001D2713 /* Debug */,
				374685312ADBB183001D2713 /* Release */,
			);
			defaultConfigurationIsVisible = 0;
			defaultConfigurationName = Release;
		};
		374685322ADBB183001D2713 /* Build configuration list for PBXNativeTarget "FC_SwiftUI" */ = {
			isa = XCConfigurationList;
			buildConfigurations = (
				374685332ADBB183001D2713 /* Debug */,
				374685342ADBB183001D2713 /* Release */,
			);
			defaultConfigurationIsVisible = 0;
			defaultConfigurationName = Release;
		};
/* End XCConfigurationList section */
	};
	rootObject = 3746851C2ADBB182001D2713 /* Project object */;
}
